# This file is automatically @generated by Cargo.
# It is not intended for manual editing.
version = 4

[[package]]
name = "engine"
version = "0.1.0"

[[package]]
name = "storage"
version = "0.1.0"
dependencies = [
 "engine",
]

[[package]]
name = "web"
version = "0.1.0"
dependencies = [
 "engine",
 "storage",
]
